Microsoft Visual Studio Solution File, Format Version 12.00
# Visual Studio Version 17
VisualStudioVersion = 17.5.2.0
MinimumVisualStudioVersion = 10.0.40219.1
Project("{2150E333-8FDC-42A3-9474-1A3956D46DE8}") = "src", "src", "{827E0CD3-B72D-47B6-A68D-7590B98EB39B}"
EndProject
Project("{2150E333-8FDC-42A3-9474-1A3956D46DE8}") = "tests", "tests", "{0AB3BF05-4346-4AA6-1389-037BE0695223}"
EndProject
Project("{FAE04EC0-301F-11D3-BF4B-00C04F79EFBC}") = "MccTaxonomy", "src\MccTaxonomy\MccTaxonomy.csproj", "{8D22CE78-148D-4EC4-5942-BA3B8ED64AEE}"
EndProject
Project("{FAE04EC0-301F-11D3-BF4B-00C04F79EFBC}") = "MccTaxonomy.Tests", "tests\MccTaxonomy.Tests\MccTaxonomy.Tests.csproj", "{9C12F1FF-61F2-A94B-FDAA-9F690A21F0FB}"
EndProject
Project("{FAE04EC0-301F-11D3-BF4B-00C04F79EFBC}") = "MccTaxonomy.Benchmarks", "tests\MccTaxonomy.Benchmarks\MccTaxonomy.Benchmarks.csproj", "{A4B5C6D7-E8F9-0123-4567-89ABCDEF0123}"
EndProject
Global
	GlobalSection(SolutionConfigurationPlatforms) = preSolution
		Debug|Any CPU = Debug|Any CPU
		Release|Any CPU = Release|Any CPU
	EndGlobalSection
	GlobalSection(ProjectConfigurationPlatforms) = postSolution
		{8D22CE78-148D-4EC4-5942-BA3B8ED64AEE}.Debug|Any CPU.ActiveCfg = Debug|Any CPU
		{8D22CE78-148D-4EC4-5942-BA3B8ED64AEE}.Debug|Any CPU.Build.0 = Debug|Any CPU
		{8D22CE78-148D-4EC4-5942-BA3B8ED64AEE}.Release|Any CPU.ActiveCfg = Release|Any CPU
		{8D22CE78-148D-4EC4-5942-BA3B8ED64AEE}.Release|Any CPU.Build.0 = Release|Any CPU
		{9C12F1FF-61F2-A94B-FDAA-9F690A21F0FB}.Debug|Any CPU.ActiveCfg = Debug|Any CPU
		{9C12F1FF-61F2-A94B-FDAA-9F690A21F0FB}.Debug|Any CPU.Build.0 = Debug|Any CPU
		{9C12F1FF-61F2-A94B-FDAA-9F690A21F0FB}.Release|Any CPU.ActiveCfg = Release|Any CPU
		{9C12F1FF-61F2-A94B-FDAA-9F690A21F0FB}.Release|Any CPU.Build.0 = Release|Any CPU
		{A4B5C6D7-E8F9-0123-4567-89ABCDEF0123}.Debug|Any CPU.ActiveCfg = Debug|Any CPU
		{A4B5C6D7-E8F9-0123-4567-89ABCDEF0123}.Debug|Any CPU.Build.0 = Debug|Any CPU
		{A4B5C6D7-E8F9-0123-4567-89ABCDEF0123}.Release|Any CPU.ActiveCfg = Release|Any CPU
		{A4B5C6D7-E8F9-0123-4567-89ABCDEF0123}.Release|Any CPU.Build.0 = Release|Any CPU
	EndGlobalSection
	GlobalSection(SolutionProperties) = preSolution
		HideSolutionNode = FALSE
	EndGlobalSection
	GlobalSection(NestedProjects) = preSolution
		{8D22CE78-148D-4EC4-5942-BA3B8ED64AEE} = {827E0CD3-B72D-47B6-A68D-7590B98EB39B}
		{9C12F1FF-61F2-A94B-FDAA-9F690A21F0FB} = {0AB3BF05-4346-4AA6-1389-037BE0695223}
		{A4B5C6D7-E8F9-0123-4567-89ABCDEF0123} = {0AB3BF05-4346-4AA6-1389-037BE0695223}
	EndGlobalSection
	GlobalSection(ExtensibilityGlobals) = postSolution
		SolutionGuid = {3685227E-C72E-459F-B6BC-4C5529BE00CB}
	EndGlobalSection
EndGlobal
